{
  "lockfileVersion": 1,
  "workspaces": {
    "": {
      "name": "frontend",
      "dependencies": {
        "@hookform/resolvers": "^5.0.1",
        "@radix-ui/react-checkbox": "^1.2.2",
        "@radix-ui/react-dropdown-menu": "^2.1.11",
        "@radix-ui/react-popover": "^1.1.13",
        "@radix-ui/react-select": "^2.2.4",
        "@radix-ui/react-slot": "^1.2.2",
        "@radix-ui/react-switch": "^1.2.4",
        "@radix-ui/react-tooltip": "^1.2.6",
        "@tanstack/react-query": "^5.74.4",
        "@types/js-cookie": "^3.0.6",
        "@types/lodash.debounce": "^4.0.9",
        "@types/zxcvbn": "^4.4.5",
        "axios": "^1.8.4",
        "class-variance-authority": "^0.7.1",
        "clsx": "^2.1.1",
        "date-fns": "^4.1.0",
        "form-data": "^4.0.2",
        "framer-motion": "^12.7.4",
        "frontend": ".",
        "jotai": "^2.12.3",
        "js-cookie": "^3.0.5",
        "lodash.debounce": "^4.0.8",
        "lucide-react": "^0.508.0",
        "motion": "^12.7.4",
        "next": "^15.3.1",
        "next-themes": "^0.4.6",
        "postcss": "^8.5.3",
        "react": "^19.0.0",
        "react-day-picker": "^8.10.1",
        "react-dom": "^19.0.0",
        "react-fade-in": "^2.0.1",
        "react-hook-form": "^7.56.0",
        "react-icons": "^5.5.0",
        "sass": "^1.86.3",
        "scss": "^0.2.4",
        "sonner": "^2.0.3",
        "tailwind-merge": "^3.2.0",
        "tw-animate-css": "^1.2.5",
        "zod": "^3.24.3",
        "zxcvbn": "^4.4.2",
      },
      "devDependencies": {
        "@tailwindcss/postcss": "^4.1.4",
        "@types/node": "^20",
        "@types/react": "^19",
        "@types/react-dom": "^19",
        "tailwindcss": "^4.1.4",
        "typescript": "^5",
      },
    },
  },
  "packages": {
    "@alloc/quick-lru": ["@alloc/quick-lru@5.2.0", "", {}, ""],

    "@floating-ui/core": ["@floating-ui/core@1.7.0", "", { "dependencies": { "@floating-ui/utils": "^0.2.9" } }, ""],

    "@floating-ui/dom": ["@floating-ui/dom@1.7.0", "", { "dependencies": { "@floating-ui/core": "^1.7.0", "@floating-ui/utils": "^0.2.9" } }, ""],

    "@floating-ui/react-dom": ["@floating-ui/react-dom@2.1.2", "", { "dependencies": { "@floating-ui/dom": "^1.0.0" }, "peerDependencies": { "react": ">=16.8.0", "react-dom": ">=16.8.0" } }, ""],

    "@floating-ui/utils": ["@floating-ui/utils@0.2.9", "", {}, ""],

    "@hookform/resolvers": ["@hookform/resolvers@5.0.1", "", { "dependencies": { "@standard-schema/utils": "^0.3.0" }, "peerDependencies": { "react-hook-form": "^7.55.0" } }, ""],

    "@img/sharp-win32-x64": ["@img/sharp-win32-x64@0.34.1", "", { "os": "win32", "cpu": "x64" }, ""],

    "@next/env": ["@next/env@15.3.2", "", {}, ""],

    "@next/swc-darwin-arm64": ["@next/swc-darwin-arm64@15.3.2", "", { "os": "darwin", "cpu": "arm64" }, "sha512-2DR6kY/OGcokbnCsjHpNeQblqCZ85/1j6njYSkzRdpLn5At7OkSdmk7WyAmB9G0k25+VgqVZ/u356OSoQZ3z0g=="],

    "@next/swc-darwin-x64": ["@next/swc-darwin-x64@15.3.2", "", { "os": "darwin", "cpu": "x64" }, "sha512-ro/fdqaZWL6k1S/5CLv1I0DaZfDVJkWNaUU3un8Lg6m0YENWlDulmIWzV96Iou2wEYyEsZq51mwV8+XQXqMp3w=="],

    "@next/swc-linux-arm64-gnu": ["@next/swc-linux-arm64-gnu@15.3.2", "", { "os": "linux", "cpu": "arm64" }, "sha512-covwwtZYhlbRWK2HlYX9835qXum4xYZ3E2Mra1mdQ+0ICGoMiw1+nVAn4d9Bo7R3JqSmK1grMq/va+0cdh7bJA=="],

    "@next/swc-linux-arm64-musl": ["@next/swc-linux-arm64-musl@15.3.2", "", { "os": "linux", "cpu": "arm64" }, "sha512-KQkMEillvlW5Qk5mtGA/3Yz0/tzpNlSw6/3/ttsV1lNtMuOHcGii3zVeXZyi4EJmmLDKYcTcByV2wVsOhDt/zg=="],

    "@next/swc-linux-x64-gnu": ["@next/swc-linux-x64-gnu@15.3.2", "", { "os": "linux", "cpu": "x64" }, "sha512-uRBo6THWei0chz+Y5j37qzx+BtoDRFIkDzZjlpCItBRXyMPIg079eIkOCl3aqr2tkxL4HFyJ4GHDes7W8HuAUg=="],

    "@next/swc-linux-x64-musl": ["@next/swc-linux-x64-musl@15.3.2", "", { "os": "linux", "cpu": "x64" }, "sha512-+uxFlPuCNx/T9PdMClOqeE8USKzj8tVz37KflT3Kdbx/LOlZBRI2yxuIcmx1mPNK8DwSOMNCr4ureSet7eyC0w=="],

    "@next/swc-win32-arm64-msvc": ["@next/swc-win32-arm64-msvc@15.3.2", "", { "os": "win32", "cpu": "arm64" }, "sha512-LLTKmaI5cfD8dVzh5Vt7+OMo+AIOClEdIU/TSKbXXT2iScUTSxOGoBhfuv+FU8R9MLmrkIL1e2fBMkEEjYAtPQ=="],

    "@next/swc-win32-x64-msvc": ["@next/swc-win32-x64-msvc@15.3.2", "", { "os": "win32", "cpu": "x64" }, ""],

    "@parcel/watcher": ["@parcel/watcher@2.5.1", "", { "dependencies": { "detect-libc": "^1.0.3", "is-glob": "^4.0.3", "micromatch": "^4.0.5", "node-addon-api": "^7.0.0" }, "optionalDependencies": { "@parcel/watcher-win32-x64": "2.5.1" } }, ""],

    "@parcel/watcher-win32-x64": ["@parcel/watcher-win32-x64@2.5.1", "", { "os": "win32", "cpu": "x64" }, ""],

    "@radix-ui/number": ["@radix-ui/number@1.1.1", "", {}, ""],

    "@radix-ui/primitive": ["@radix-ui/primitive@1.1.2", "", {}, ""],

    "@radix-ui/react-arrow": ["@radix-ui/react-arrow@1.1.6", "", { "dependencies": { "@radix-ui/react-primitive": "2.1.2" }, "peerDependencies": { "@types/react": "*", "@types/react-dom": "*", "react": "^16.8 || ^17.0 || ^18.0 || ^19.0 || ^19.0.0-rc", "react-dom": "^16.8 || ^17.0 || ^18.0 || ^19.0 || ^19.0.0-rc" } }, ""],

    "@radix-ui/react-checkbox": ["@radix-ui/react-checkbox@1.3.1", "", { "dependencies": { "@radix-ui/primitive": "1.1.2", "@radix-ui/react-compose-refs": "1.1.2", "@radix-ui/react-context": "1.1.2", "@radix-ui/react-presence": "1.1.4", "@radix-ui/react-primitive": "2.1.2", "@radix-ui/react-use-controllable-state": "1.2.2", "@radix-ui/react-use-previous": "1.1.1", "@radix-ui/react-use-size": "1.1.1" }, "peerDependencies": { "@types/react": "*", "@types/react-dom": "*", "react": "^16.8 || ^17.0 || ^18.0 || ^19.0 || ^19.0.0-rc", "react-dom": "^16.8 || ^17.0 || ^18.0 || ^19.0 || ^19.0.0-rc" } }, ""],

    "@radix-ui/react-collection": ["@radix-ui/react-collection@1.1.6", "", { "dependencies": { "@radix-ui/react-compose-refs": "1.1.2", "@radix-ui/react-context": "1.1.2", "@radix-ui/react-primitive": "2.1.2", "@radix-ui/react-slot": "1.2.2" }, "peerDependencies": { "@types/react": "*", "@types/react-dom": "*", "react": "^16.8 || ^17.0 || ^18.0 || ^19.0 || ^19.0.0-rc", "react-dom": "^16.8 || ^17.0 || ^18.0 || ^19.0 || ^19.0.0-rc" } }, ""],

    "@radix-ui/react-compose-refs": ["@radix-ui/react-compose-refs@1.1.2", "", { "peerDependencies": { "@types/react": "*", "react": "^16.8 || ^17.0 || ^18.0 || ^19.0 || ^19.0.0-rc" } }, ""],

    "@radix-ui/react-context": ["@radix-ui/react-context@1.1.2", "", { "peerDependencies": { "@types/react": "*", "react": "^16.8 || ^17.0 || ^18.0 || ^19.0 || ^19.0.0-rc" } }, ""],

    "@radix-ui/react-direction": ["@radix-ui/react-direction@1.1.1", "", { "peerDependencies": { "@types/react": "*", "react": "^16.8 || ^17.0 || ^18.0 || ^19.0 || ^19.0.0-rc" } }, ""],

    "@radix-ui/react-dismissable-layer": ["@radix-ui/react-dismissable-layer@1.1.9", "", { "dependencies": { "@radix-ui/primitive": "1.1.2", "@radix-ui/react-compose-refs": "1.1.2", "@radix-ui/react-primitive": "2.1.2", "@radix-ui/react-use-callback-ref": "1.1.1", "@radix-ui/react-use-escape-keydown": "1.1.1" }, "peerDependencies": { "@types/react": "*", "@types/react-dom": "*", "react": "^16.8 || ^17.0 || ^18.0 || ^19.0 || ^19.0.0-rc", "react-dom": "^16.8 || ^17.0 || ^18.0 || ^19.0 || ^19.0.0-rc" } }, ""],

    "@radix-ui/react-dropdown-menu": ["@radix-ui/react-dropdown-menu@2.1.14", "", { "dependencies": { "@radix-ui/primitive": "1.1.2", "@radix-ui/react-compose-refs": "1.1.2", "@radix-ui/react-context": "1.1.2", "@radix-ui/react-id": "1.1.1", "@radix-ui/react-menu": "2.1.14", "@radix-ui/react-primitive": "2.1.2", "@radix-ui/react-use-controllable-state": "1.2.2" }, "peerDependencies": { "@types/react": "*", "@types/react-dom": "*", "react": "^16.8 || ^17.0 || ^18.0 || ^19.0 || ^19.0.0-rc", "react-dom": "^16.8 || ^17.0 || ^18.0 || ^19.0 || ^19.0.0-rc" } }, ""],

    "@radix-ui/react-focus-guards": ["@radix-ui/react-focus-guards@1.1.2", "", { "peerDependencies": { "@types/react": "*", "react": "^16.8 || ^17.0 || ^18.0 || ^19.0 || ^19.0.0-rc" } }, ""],

    "@radix-ui/react-focus-scope": ["@radix-ui/react-focus-scope@1.1.6", "", { "dependencies": { "@radix-ui/react-compose-refs": "1.1.2", "@radix-ui/react-primitive": "2.1.2", "@radix-ui/react-use-callback-ref": "1.1.1" }, "peerDependencies": { "@types/react": "*", "@types/react-dom": "*", "react": "^16.8 || ^17.0 || ^18.0 || ^19.0 || ^19.0.0-rc", "react-dom": "^16.8 || ^17.0 || ^18.0 || ^19.0 || ^19.0.0-rc" } }, ""],

    "@radix-ui/react-id": ["@radix-ui/react-id@1.1.1", "", { "dependencies": { "@radix-ui/react-use-layout-effect": "1.1.1" }, "peerDependencies": { "@types/react": "*", "react": "^16.8 || ^17.0 || ^18.0 || ^19.0 || ^19.0.0-rc" } }, ""],

    "@radix-ui/react-menu": ["@radix-ui/react-menu@2.1.14", "", { "dependencies": { "@radix-ui/primitive": "1.1.2", "@radix-ui/react-collection": "1.1.6", "@radix-ui/react-compose-refs": "1.1.2", "@radix-ui/react-context": "1.1.2", "@radix-ui/react-direction": "1.1.1", "@radix-ui/react-dismissable-layer": "1.1.9", "@radix-ui/react-focus-guards": "1.1.2", "@radix-ui/react-focus-scope": "1.1.6", "@radix-ui/react-id": "1.1.1", "@radix-ui/react-popper": "1.2.6", "@radix-ui/react-portal": "1.1.8", "@radix-ui/react-presence": "1.1.4", "@radix-ui/react-primitive": "2.1.2", "@radix-ui/react-roving-focus": "1.1.9", "@radix-ui/react-slot": "1.2.2", "@radix-ui/react-use-callback-ref": "1.1.1", "aria-hidden": "^1.2.4", "react-remove-scroll": "^2.6.3" }, "peerDependencies": { "@types/react": "*", "@types/react-dom": "*", "react": "^16.8 || ^17.0 || ^18.0 || ^19.0 || ^19.0.0-rc", "react-dom": "^16.8 || ^17.0 || ^18.0 || ^19.0 || ^19.0.0-rc" } }, ""],

    "@radix-ui/react-popover": ["@radix-ui/react-popover@1.1.13", "", { "dependencies": { "@radix-ui/primitive": "1.1.2", "@radix-ui/react-compose-refs": "1.1.2", "@radix-ui/react-context": "1.1.2", "@radix-ui/react-dismissable-layer": "1.1.9", "@radix-ui/react-focus-guards": "1.1.2", "@radix-ui/react-focus-scope": "1.1.6", "@radix-ui/react-id": "1.1.1", "@radix-ui/react-popper": "1.2.6", "@radix-ui/react-portal": "1.1.8", "@radix-ui/react-presence": "1.1.4", "@radix-ui/react-primitive": "2.1.2", "@radix-ui/react-slot": "1.2.2", "@radix-ui/react-use-controllable-state": "1.2.2", "aria-hidden": "^1.2.4", "react-remove-scroll": "^2.6.3" }, "peerDependencies": { "@types/react": "*", "@types/react-dom": "*", "react": "^16.8 || ^17.0 || ^18.0 || ^19.0 || ^19.0.0-rc", "react-dom": "^16.8 || ^17.0 || ^18.0 || ^19.0 || ^19.0.0-rc" } }, "sha512-84uqQV3omKDR076izYgcha6gdpN8m3z6w/AeJ83MSBJYVG/AbOHdLjAgsPZkeC/kt+k64moXFCnio8BbqXszlw=="],

    "@radix-ui/react-popper": ["@radix-ui/react-popper@1.2.6", "", { "dependencies": { "@floating-ui/react-dom": "^2.0.0", "@radix-ui/react-arrow": "1.1.6", "@radix-ui/react-compose-refs": "1.1.2", "@radix-ui/react-context": "1.1.2", "@radix-ui/react-primitive": "2.1.2", "@radix-ui/react-use-callback-ref": "1.1.1", "@radix-ui/react-use-layout-effect": "1.1.1", "@radix-ui/react-use-rect": "1.1.1", "@radix-ui/react-use-size": "1.1.1", "@radix-ui/rect": "1.1.1" }, "peerDependencies": { "@types/react": "*", "@types/react-dom": "*", "react": "^16.8 || ^17.0 || ^18.0 || ^19.0 || ^19.0.0-rc", "react-dom": "^16.8 || ^17.0 || ^18.0 || ^19.0 || ^19.0.0-rc" } }, ""],

    "@radix-ui/react-portal": ["@radix-ui/react-portal@1.1.8", "", { "dependencies": { "@radix-ui/react-primitive": "2.1.2", "@radix-ui/react-use-layout-effect": "1.1.1" }, "peerDependencies": { "@types/react": "*", "@types/react-dom": "*", "react": "^16.8 || ^17.0 || ^18.0 || ^19.0 || ^19.0.0-rc", "react-dom": "^16.8 || ^17.0 || ^18.0 || ^19.0 || ^19.0.0-rc" } }, ""],

    "@radix-ui/react-presence": ["@radix-ui/react-presence@1.1.4", "", { "dependencies": { "@radix-ui/react-compose-refs": "1.1.2", "@radix-ui/react-use-layout-effect": "1.1.1" }, "peerDependencies": { "@types/react": "*", "@types/react-dom": "*", "react": "^16.8 || ^17.0 || ^18.0 || ^19.0 || ^19.0.0-rc", "react-dom": "^16.8 || ^17.0 || ^18.0 || ^19.0 || ^19.0.0-rc" } }, ""],

    "@radix-ui/react-primitive": ["@radix-ui/react-primitive@2.1.2", "", { "dependencies": { "@radix-ui/react-slot": "1.2.2" }, "peerDependencies": { "@types/react": "*", "@types/react-dom": "*", "react": "^16.8 || ^17.0 || ^18.0 || ^19.0 || ^19.0.0-rc", "react-dom": "^16.8 || ^17.0 || ^18.0 || ^19.0 || ^19.0.0-rc" } }, ""],

    "@radix-ui/react-roving-focus": ["@radix-ui/react-roving-focus@1.1.9", "", { "dependencies": { "@radix-ui/primitive": "1.1.2", "@radix-ui/react-collection": "1.1.6", "@radix-ui/react-compose-refs": "1.1.2", "@radix-ui/react-context": "1.1.2", "@radix-ui/react-direction": "1.1.1", "@radix-ui/react-id": "1.1.1", "@radix-ui/react-primitive": "2.1.2", "@radix-ui/react-use-callback-ref": "1.1.1", "@radix-ui/react-use-controllable-state": "1.2.2" }, "peerDependencies": { "@types/react": "*", "@types/react-dom": "*", "react": "^16.8 || ^17.0 || ^18.0 || ^19.0 || ^19.0.0-rc", "react-dom": "^16.8 || ^17.0 || ^18.0 || ^19.0 || ^19.0.0-rc" } }, ""],

    "@radix-ui/react-select": ["@radix-ui/react-select@2.2.4", "", { "dependencies": { "@radix-ui/number": "1.1.1", "@radix-ui/primitive": "1.1.2", "@radix-ui/react-collection": "1.1.6", "@radix-ui/react-compose-refs": "1.1.2", "@radix-ui/react-context": "1.1.2", "@radix-ui/react-direction": "1.1.1", "@radix-ui/react-dismissable-layer": "1.1.9", "@radix-ui/react-focus-guards": "1.1.2", "@radix-ui/react-focus-scope": "1.1.6", "@radix-ui/react-id": "1.1.1", "@radix-ui/react-popper": "1.2.6", "@radix-ui/react-portal": "1.1.8", "@radix-ui/react-primitive": "2.1.2", "@radix-ui/react-slot": "1.2.2", "@radix-ui/react-use-callback-ref": "1.1.1", "@radix-ui/react-use-controllable-state": "1.2.2", "@radix-ui/react-use-layout-effect": "1.1.1", "@radix-ui/react-use-previous": "1.1.1", "@radix-ui/react-visually-hidden": "1.2.2", "aria-hidden": "^1.2.4", "react-remove-scroll": "^2.6.3" }, "peerDependencies": { "@types/react": "*", "@types/react-dom": "*", "react": "^16.8 || ^17.0 || ^18.0 || ^19.0 || ^19.0.0-rc", "react-dom": "^16.8 || ^17.0 || ^18.0 || ^19.0 || ^19.0.0-rc" } }, ""],

    "@radix-ui/react-slot": ["@radix-ui/react-slot@1.2.2", "", { "dependencies": { "@radix-ui/react-compose-refs": "1.1.2" }, "peerDependencies": { "@types/react": "*", "react": "^16.8 || ^17.0 || ^18.0 || ^19.0 || ^19.0.0-rc" } }, "sha512-y7TBO4xN4Y94FvcWIOIh18fM4R1A8S4q1jhoz4PNzOoHsFcN8pogcFmZrTYAm4F9VRUrWP/Mw7xSKybIeRI+CQ=="],

    "@radix-ui/react-switch": ["@radix-ui/react-switch@1.2.4", "", { "dependencies": { "@radix-ui/primitive": "1.1.2", "@radix-ui/react-compose-refs": "1.1.2", "@radix-ui/react-context": "1.1.2", "@radix-ui/react-primitive": "2.1.2", "@radix-ui/react-use-controllable-state": "1.2.2", "@radix-ui/react-use-previous": "1.1.1", "@radix-ui/react-use-size": "1.1.1" }, "peerDependencies": { "@types/react": "*", "@types/react-dom": "*", "react": "^16.8 || ^17.0 || ^18.0 || ^19.0 || ^19.0.0-rc", "react-dom": "^16.8 || ^17.0 || ^18.0 || ^19.0 || ^19.0.0-rc" }, "optionalPeers": ["@types/react", "@types/react-dom"] }, "sha512-yZCky6XZFnR7pcGonJkr9VyNRu46KcYAbyg1v/gVVCZUr8UJ4x+RpncC27hHtiZ15jC+3WS8Yg/JSgyIHnYYsQ=="],

    "@radix-ui/react-tooltip": ["@radix-ui/react-tooltip@1.2.6", "", { "dependencies": { "@radix-ui/primitive": "1.1.2", "@radix-ui/react-compose-refs": "1.1.2", "@radix-ui/react-context": "1.1.2", "@radix-ui/react-dismissable-layer": "1.1.9", "@radix-ui/react-id": "1.1.1", "@radix-ui/react-popper": "1.2.6", "@radix-ui/react-portal": "1.1.8", "@radix-ui/react-presence": "1.1.4", "@radix-ui/react-primitive": "2.1.2", "@radix-ui/react-slot": "1.2.2", "@radix-ui/react-use-controllable-state": "1.2.2", "@radix-ui/react-visually-hidden": "1.2.2" }, "peerDependencies": { "@types/react": "*", "@types/react-dom": "*", "react": "^16.8 || ^17.0 || ^18.0 || ^19.0 || ^19.0.0-rc", "react-dom": "^16.8 || ^17.0 || ^18.0 || ^19.0 || ^19.0.0-rc" } }, ""],

    "@radix-ui/react-use-callback-ref": ["@radix-ui/react-use-callback-ref@1.1.1", "", { "peerDependencies": { "@types/react": "*", "react": "^16.8 || ^17.0 || ^18.0 || ^19.0 || ^19.0.0-rc" } }, ""],

    "@radix-ui/react-use-controllable-state": ["@radix-ui/react-use-controllable-state@1.2.2", "", { "dependencies": { "@radix-ui/react-use-effect-event": "0.0.2", "@radix-ui/react-use-layout-effect": "1.1.1" }, "peerDependencies": { "@types/react": "*", "react": "^16.8 || ^17.0 || ^18.0 || ^19.0 || ^19.0.0-rc" } }, ""],

    "@radix-ui/react-use-effect-event": ["@radix-ui/react-use-effect-event@0.0.2", "", { "dependencies": { "@radix-ui/react-use-layout-effect": "1.1.1" }, "peerDependencies": { "@types/react": "*", "react": "^16.8 || ^17.0 || ^18.0 || ^19.0 || ^19.0.0-rc" } }, ""],

    "@radix-ui/react-use-escape-keydown": ["@radix-ui/react-use-escape-keydown@1.1.1", "", { "dependencies": { "@radix-ui/react-use-callback-ref": "1.1.1" }, "peerDependencies": { "@types/react": "*", "react": "^16.8 || ^17.0 || ^18.0 || ^19.0 || ^19.0.0-rc" } }, ""],

    "@radix-ui/react-use-layout-effect": ["@radix-ui/react-use-layout-effect@1.1.1", "", { "peerDependencies": { "@types/react": "*", "react": "^16.8 || ^17.0 || ^18.0 || ^19.0 || ^19.0.0-rc" } }, ""],

    "@radix-ui/react-use-previous": ["@radix-ui/react-use-previous@1.1.1", "", { "peerDependencies": { "@types/react": "*", "react": "^16.8 || ^17.0 || ^18.0 || ^19.0 || ^19.0.0-rc" } }, ""],

    "@radix-ui/react-use-rect": ["@radix-ui/react-use-rect@1.1.1", "", { "dependencies": { "@radix-ui/rect": "1.1.1" }, "peerDependencies": { "@types/react": "*", "react": "^16.8 || ^17.0 || ^18.0 || ^19.0 || ^19.0.0-rc" } }, ""],

    "@radix-ui/react-use-size": ["@radix-ui/react-use-size@1.1.1", "", { "dependencies": { "@radix-ui/react-use-layout-effect": "1.1.1" }, "peerDependencies": { "@types/react": "*", "react": "^16.8 || ^17.0 || ^18.0 || ^19.0 || ^19.0.0-rc" } }, ""],

    "@radix-ui/react-visually-hidden": ["@radix-ui/react-visually-hidden@1.2.2", "", { "dependencies": { "@radix-ui/react-primitive": "2.1.2" }, "peerDependencies": { "@types/react": "*", "@types/react-dom": "*", "react": "^16.8 || ^17.0 || ^18.0 || ^19.0 || ^19.0.0-rc", "react-dom": "^16.8 || ^17.0 || ^18.0 || ^19.0 || ^19.0.0-rc" } }, ""],

    "@radix-ui/rect": ["@radix-ui/rect@1.1.1", "", {}, ""],

    "@standard-schema/utils": ["@standard-schema/utils@0.3.0", "", {}, ""],

    "@swc/counter": ["@swc/counter@0.1.3", "", {}, ""],

    "@swc/helpers": ["@swc/helpers@0.5.15", "", { "dependencies": { "tslib": "^2.8.0" } }, ""],

    "@tailwindcss/node": ["@tailwindcss/node@4.1.5", "", { "dependencies": { "enhanced-resolve": "^5.18.1", "jiti": "^2.4.2", "lightningcss": "1.29.2", "tailwindcss": "4.1.5" } }, ""],

    "@tailwindcss/oxide": ["@tailwindcss/oxide@4.1.5", "", { "optionalDependencies": { "@tailwindcss/oxide-win32-x64-msvc": "4.1.5" } }, ""],

    "@tailwindcss/oxide-win32-x64-msvc": ["@tailwindcss/oxide-win32-x64-msvc@4.1.5", "", { "os": "win32", "cpu": "x64" }, ""],

    "@tailwindcss/postcss": ["@tailwindcss/postcss@4.1.5", "", { "dependencies": { "@alloc/quick-lru": "^5.2.0", "@tailwindcss/node": "4.1.5", "@tailwindcss/oxide": "4.1.5", "postcss": "^8.4.41", "tailwindcss": "4.1.5" } }, ""],

    "@tanstack/query-core": ["@tanstack/query-core@5.75.5", "", {}, ""],

    "@tanstack/react-query": ["@tanstack/react-query@5.75.5", "", { "dependencies": { "@tanstack/query-core": "5.75.5" }, "peerDependencies": { "react": "^18 || ^19" } }, ""],

    "@types/js-cookie": ["@types/js-cookie@3.0.6", "", {}, ""],

    "@types/lodash": ["@types/lodash@4.17.16", "", {}, ""],

    "@types/lodash.debounce": ["@types/lodash.debounce@4.0.9", "", { "dependencies": { "@types/lodash": "*" } }, ""],

    "@types/node": ["@types/node@20.17.44", "", { "dependencies": { "undici-types": "~6.19.2" } }, ""],

    "@types/react": ["@types/react@19.1.3", "", { "dependencies": { "csstype": "^3.0.2" } }, ""],

    "@types/react-dom": ["@types/react-dom@19.1.3", "", { "peerDependencies": { "@types/react": "^19.0.0" } }, ""],

    "@types/zxcvbn": ["@types/zxcvbn@4.4.5", "", {}, ""],

    "aria-hidden": ["aria-hidden@1.2.4", "", { "dependencies": { "tslib": "^2.0.0" } }, ""],

    "asynckit": ["asynckit@0.4.0", "", {}, ""],

    "axios": ["axios@1.9.0", "", { "dependencies": { "follow-redirects": "^1.15.6", "form-data": "^4.0.0", "proxy-from-env": "^1.1.0" } }, ""],

    "braces": ["braces@3.0.3", "", { "dependencies": { "fill-range": "^7.1.1" } }, ""],

    "busboy": ["busboy@1.6.0", "", { "dependencies": { "streamsearch": "^1.1.0" } }, ""],

    "call-bind-apply-helpers": ["call-bind-apply-helpers@1.0.2", "", { "dependencies": { "es-errors": "^1.3.0", "function-bind": "^1.1.2" } }, ""],

    "caniuse-lite": ["caniuse-lite@1.0.30001717", "", {}, ""],

    "chokidar": ["chokidar@4.0.3", "", { "dependencies": { "readdirp": "^4.0.1" } }, ""],

    "class-variance-authority": ["class-variance-authority@0.7.1", "", { "dependencies": { "clsx": "^2.1.1" } }, ""],

    "client-only": ["client-only@0.0.1", "", {}, ""],

    "clsx": ["clsx@2.1.1", "", {}, ""],

    "color": ["color@4.2.3", "", { "dependencies": { "color-convert": "^2.0.1", "color-string": "^1.9.0" } }, ""],

    "color-convert": ["color-convert@2.0.1", "", { "dependencies": { "color-name": "~1.1.4" } }, ""],

    "color-name": ["color-name@1.1.4", "", {}, ""],

    "color-string": ["color-string@1.9.1", "", { "dependencies": { "color-name": "^1.0.0", "simple-swizzle": "^0.2.2" } }, ""],

    "combined-stream": ["combined-stream@1.0.8", "", { "dependencies": { "delayed-stream": "~1.0.0" } }, ""],

    "csstype": ["csstype@3.1.3", "", {}, ""],

    "date-fns": ["date-fns@4.1.0", "", {}, "sha512-Ukq0owbQXxa/U3EGtsdVBkR1w7KOQ5gIBqdH2hkvknzZPYvBxb/aa6E8L7tmjFtkwZBu3UXBbjIgPo/Ez4xaNg=="],

    "delayed-stream": ["delayed-stream@1.0.0", "", {}, ""],

    "detect-libc": ["detect-libc@2.0.4", "", {}, ""],

    "detect-node-es": ["detect-node-es@1.1.0", "", {}, ""],

    "dunder-proto": ["dunder-proto@1.0.1", "", { "dependencies": { "call-bind-apply-helpers": "^1.0.1", "es-errors": "^1.3.0", "gopd": "^1.2.0" } }, ""],

    "enhanced-resolve": ["enhanced-resolve@5.18.1", "", { "dependencies": { "graceful-fs": "^4.2.4", "tapable": "^2.2.0" } }, ""],

    "es-define-property": ["es-define-property@1.0.1", "", {}, ""],

    "es-errors": ["es-errors@1.3.0", "", {}, ""],

    "es-object-atoms": ["es-object-atoms@1.1.1", "", { "dependencies": { "es-errors": "^1.3.0" } }, ""],

    "es-set-tostringtag": ["es-set-tostringtag@2.1.0", "", { "dependencies": { "es-errors": "^1.3.0", "get-intrinsic": "^1.2.6", "has-tostringtag": "^1.0.2", "hasown": "^2.0.2" } }, ""],

    "fill-range": ["fill-range@7.1.1", "", { "dependencies": { "to-regex-range": "^5.0.1" } }, ""],

    "follow-redirects": ["follow-redirects@1.15.9", "", {}, ""],

    "form-data": ["form-data@4.0.2", "", { "dependencies": { "asynckit": "^0.4.0", "combined-stream": "^1.0.8", "es-set-tostringtag": "^2.1.0", "mime-types": "^2.1.12" } }, ""],

    "framer-motion": ["framer-motion@12.10.1", "", { "dependencies": { "motion-dom": "^12.10.1", "motion-utils": "^12.9.4", "tslib": "^2.4.0" }, "peerDependencies": { "@emotion/is-prop-valid": "*", "react": "^18.0.0 || ^19.0.0", "react-dom": "^18.0.0 || ^19.0.0" }, "optionalPeers": ["@emotion/is-prop-valid"] }, ""],

    "frontend": ["frontend@root:", {}],

    "function-bind": ["function-bind@1.1.2", "", {}, ""],

    "get-intrinsic": ["get-intrinsic@1.3.0", "", { "dependencies": { "call-bind-apply-helpers": "^1.0.2", "es-define-property": "^1.0.1", "es-errors": "^1.3.0", "es-object-atoms": "^1.1.1", "function-bind": "^1.1.2", "get-proto": "^1.0.1", "gopd": "^1.2.0", "has-symbols": "^1.1.0", "hasown": "^2.0.2", "math-intrinsics": "^1.1.0" } }, ""],

    "get-nonce": ["get-nonce@1.0.1", "", {}, ""],

    "get-proto": ["get-proto@1.0.1", "", { "dependencies": { "dunder-proto": "^1.0.1", "es-object-atoms": "^1.0.0" } }, ""],

    "gopd": ["gopd@1.2.0", "", {}, ""],

    "graceful-fs": ["graceful-fs@4.2.11", "", {}, ""],

    "has-symbols": ["has-symbols@1.1.0", "", {}, ""],

    "has-tostringtag": ["has-tostringtag@1.0.2", "", { "dependencies": { "has-symbols": "^1.0.3" } }, ""],

    "hasown": ["hasown@2.0.2", "", { "dependencies": { "function-bind": "^1.1.2" } }, ""],

    "immutable": ["immutable@5.1.2", "", {}, ""],

    "is-arrayish": ["is-arrayish@0.3.2", "", {}, ""],

    "is-extglob": ["is-extglob@2.1.1", "", {}, ""],

    "is-glob": ["is-glob@4.0.3", "", { "dependencies": { "is-extglob": "^2.1.1" } }, ""],

    "is-number": ["is-number@7.0.0", "", {}, ""],

    "jiti": ["jiti@2.4.2", "", { "bin": "lib/jiti-cli.mjs" }, ""],

    "jotai": ["jotai@2.12.4", "", { "peerDependencies": { "@types/react": ">=17.0.0", "react": ">=17.0.0" } }, ""],

    "js-cookie": ["js-cookie@3.0.5", "", {}, ""],

    "lightningcss": ["lightningcss@1.29.2", "", { "dependencies": { "detect-libc": "^2.0.3" }, "optionalDependencies": { "lightningcss-win32-x64-msvc": "1.29.2" } }, ""],

    "lightningcss-win32-x64-msvc": ["lightningcss-win32-x64-msvc@1.29.2", "", { "os": "win32", "cpu": "x64" }, ""],

    "lodash.debounce": ["lodash.debounce@4.0.8", "", {}, ""],

    "lucide-react": ["lucide-react@0.508.0", "", { "peerDependencies": { "react": "^16.5.1 || ^17.0.0 || ^18.0.0 || ^19.0.0" } }, ""],

    "math-intrinsics": ["math-intrinsics@1.1.0", "", {}, ""],

    "micromatch": ["micromatch@4.0.8", "", { "dependencies": { "braces": "^3.0.3", "picomatch": "^2.3.1" } }, ""],

    "mime-db": ["mime-db@1.52.0", "", {}, ""],

    "mime-types": ["mime-types@2.1.35", "", { "dependencies": { "mime-db": "1.52.0" } }, ""],

    "motion": ["motion@12.10.1", "", { "dependencies": { "framer-motion": "^12.10.1", "tslib": "^2.4.0" }, "peerDependencies": { "@emotion/is-prop-valid": "*", "react": "^18.0.0 || ^19.0.0", "react-dom": "^18.0.0 || ^19.0.0" }, "optionalPeers": ["@emotion/is-prop-valid"] }, ""],

    "motion-dom": ["motion-dom@12.10.1", "", { "dependencies": { "motion-utils": "^12.9.4" } }, ""],

    "motion-utils": ["motion-utils@12.9.4", "", {}, ""],

    "nanoid": ["nanoid@3.3.11", "", { "bin": "bin/nanoid.cjs" }, ""],

    "next": ["next@15.3.2", "", { "dependencies": { "@next/env": "15.3.2", "@swc/counter": "0.1.3", "@swc/helpers": "0.5.15", "busboy": "1.6.0", "caniuse-lite": "^1.0.30001579", "postcss": "8.4.31", "styled-jsx": "5.1.6" }, "optionalDependencies": { "@next/swc-darwin-arm64": "15.3.2", "@next/swc-darwin-x64": "15.3.2", "@next/swc-linux-arm64-gnu": "15.3.2", "@next/swc-linux-arm64-musl": "15.3.2", "@next/swc-linux-x64-gnu": "15.3.2", "@next/swc-linux-x64-musl": "15.3.2", "@next/swc-win32-arm64-msvc": "15.3.2", "@next/swc-win32-x64-msvc": "15.3.2", "sharp": "^0.34.1" }, "peerDependencies": { "@opentelemetry/api": "^1.1.0", "@playwright/test": "^1.41.2", "babel-plugin-react-compiler": "*", "react": "^18.2.0 || 19.0.0-rc-de68d2f4-20241204 || ^19.0.0", "react-dom": "^18.2.0 || 19.0.0-rc-de68d2f4-20241204 || ^19.0.0", "sass": "^1.3.0" }, "optionalPeers": ["@opentelemetry/api", "@playwright/test", "babel-plugin-react-compiler"], "bin": "dist/bin/next" }, ""],

    "next-themes": ["next-themes@0.4.6", "", { "peerDependencies": { "react": "^16.8 || ^17 || ^18 || ^19 || ^19.0.0-rc", "react-dom": "^16.8 || ^17 || ^18 || ^19 || ^19.0.0-rc" } }, ""],

    "node-addon-api": ["node-addon-api@7.1.1", "", {}, ""],

    "ometa": ["ometa@0.2.2", "", {}, ""],

    "picocolors": ["picocolors@1.1.1", "", {}, ""],

    "picomatch": ["picomatch@2.3.1", "", {}, ""],

    "postcss": ["postcss@8.5.3", "", { "dependencies": { "nanoid": "^3.3.8", "picocolors": "^1.1.1", "source-map-js": "^1.2.1" } }, ""],

    "proxy-from-env": ["proxy-from-env@1.1.0", "", {}, ""],

    "react": ["react@19.1.0", "", {}, ""],

    "react-day-picker": ["react-day-picker@8.10.1", "", { "peerDependencies": { "date-fns": "^2.28.0 || ^3.0.0", "react": "^16.8.0 || ^17.0.0 || ^18.0.0" } }, "sha512-TMx7fNbhLk15eqcMt+7Z7S2KF7mfTId/XJDjKE8f+IUcFn0l08/kI4FiYTL/0yuOLmEcbR4Fwe3GJf/NiiMnPA=="],

    "react-dom": ["react-dom@19.1.0", "", { "dependencies": { "scheduler": "^0.26.0" }, "peerDependencies": { "react": "^19.1.0" } }, ""],

    "react-fade-in": ["react-fade-in@2.0.1", "", { "peerDependencies": { "react": "^16.8 || 17" } }, ""],

    "react-hook-form": ["react-hook-form@7.56.3", "", { "peerDependencies": { "react": "^16.8.0 || ^17 || ^18 || ^19" } }, ""],

    "react-icons": ["react-icons@5.5.0", "", { "peerDependencies": { "react": "*" } }, ""],

    "react-remove-scroll": ["react-remove-scroll@2.6.3", "", { "dependencies": { "react-remove-scroll-bar": "^2.3.7", "react-style-singleton": "^2.2.3", "tslib": "^2.1.0", "use-callback-ref": "^1.3.3", "use-sidecar": "^1.1.3" }, "peerDependencies": { "@types/react": "*", "react": "^16.8.0 || ^17.0.0 || ^18.0.0 || ^19.0.0 || ^19.0.0-rc" } }, ""],

    "react-remove-scroll-bar": ["react-remove-scroll-bar@2.3.8", "", { "dependencies": { "react-style-singleton": "^2.2.2", "tslib": "^2.0.0" }, "peerDependencies": { "@types/react": "*", "react": "^16.8.0 || ^17.0.0 || ^18.0.0 || ^19.0.0" } }, ""],

    "react-style-singleton": ["react-style-singleton@2.2.3", "", { "dependencies": { "get-nonce": "^1.0.0", "tslib": "^2.0.0" }, "peerDependencies": { "@types/react": "*", "react": "^16.8.0 || ^17.0.0 || ^18.0.0 || ^19.0.0 || ^19.0.0-rc" } }, ""],

    "readdirp": ["readdirp@4.1.2", "", {}, ""],

    "sass": ["sass@1.87.0", "", { "dependencies": { "chokidar": "^4.0.0", "immutable": "^5.0.2", "source-map-js": ">=0.6.2 <2.0.0" }, "optionalDependencies": { "@parcel/watcher": "^2.4.1" }, "bin": "sass.js" }, ""],

    "scheduler": ["scheduler@0.26.0", "", {}, ""],

    "scss": ["scss@0.2.4", "", { "dependencies": { "ometa": "0.2.2" } }, ""],

    "semver": ["semver@7.7.1", "", { "bin": "bin/semver.js" }, ""],

    "sharp": ["sharp@0.34.1", "", { "dependencies": { "color": "^4.2.3", "detect-libc": "^2.0.3", "semver": "^7.7.1" }, "optionalDependencies": { "@img/sharp-win32-x64": "0.34.1" } }, ""],

    "simple-swizzle": ["simple-swizzle@0.2.2", "", { "dependencies": { "is-arrayish": "^0.3.1" } }, ""],

    "sonner": ["sonner@2.0.3", "", { "peerDependencies": { "react": "^18.0.0 || ^19.0.0 || ^19.0.0-rc", "react-dom": "^18.0.0 || ^19.0.0 || ^19.0.0-rc" } }, ""],

    "source-map-js": ["source-map-js@1.2.1", "", {}, ""],

    "streamsearch": ["streamsearch@1.1.0", "", {}, ""],

    "styled-jsx": ["styled-jsx@5.1.6", "", { "dependencies": { "client-only": "0.0.1" }, "peerDependencies": { "react": ">= 16.8.0 || 17.x.x || ^18.0.0-0 || ^19.0.0-0" } }, ""],

    "tailwind-merge": ["tailwind-merge@3.2.0", "", {}, ""],

    "tailwindcss": ["tailwindcss@4.1.5", "", {}, ""],

    "tapable": ["tapable@2.2.1", "", {}, ""],

    "to-regex-range": ["to-regex-range@5.0.1", "", { "dependencies": { "is-number": "^7.0.0" } }, ""],

    "tslib": ["tslib@2.8.1", "", {}, ""],

    "tw-animate-css": ["tw-animate-css@1.2.9", "", {}, ""],

    "typescript": ["typescript@5.8.3", "", { "bin": { "tsc": "bin/tsc", "tsserver": "bin/tsserver" } }, ""],

    "undici-types": ["undici-types@6.19.8", "", {}, ""],

    "use-callback-ref": ["use-callback-ref@1.3.3", "", { "dependencies": { "tslib": "^2.0.0" }, "peerDependencies": { "@types/react": "*", "react": "^16.8.0 || ^17.0.0 || ^18.0.0 || ^19.0.0 || ^19.0.0-rc" } }, ""],

    "use-sidecar": ["use-sidecar@1.1.3", "", { "dependencies": { "detect-node-es": "^1.1.0", "tslib": "^2.0.0" }, "peerDependencies": { "@types/react": "*", "react": "^16.8.0 || ^17.0.0 || ^18.0.0 || ^19.0.0 || ^19.0.0-rc" } }, ""],

    "zod": ["zod@3.24.4", "", {}, ""],

    "zxcvbn": ["zxcvbn@4.4.2", "", {}, ""],

    "@parcel/watcher/detect-libc": ["detect-libc@1.0.3", "", { "bin": "bin/detect-libc.js" }, ""],

    "next/postcss": ["postcss@8.4.31", "", { "dependencies": { "nanoid": "^3.3.6", "picocolors": "^1.0.0", "source-map-js": "^1.0.2" } }, ""],
  }
}
